{
  "name": "@enhance/form-elements",
  "version": "1.0.2",
  "lockfileVersion": 3,
  "requires": true,
  "packages": {
    "": {
      "name": "@enhance/form-elements",
      "version": "1.0.2",
      "license": "ISC",
      "peerDependencies": {
        "@enhance/styles": "^5.0.1"
      }
    },
    "node_modules/@enhance/styles": {
      "version": "5.0.1",
      "resolved": "https://registry.npmjs.org/@enhance/styles/-/styles-5.0.1.tgz",
      "integrity": "sha512-xKkmwOxUhL/s/G1OYVLUBrPnnshsRY57X5PdB0EgF8hJL1btCAtv4KkcImyOCy8ZsNGurI0fyEbL1H5pPahkRQ==",
      "peer": true,
      "dependencies": {
        "color-to-hsla": "^0.1.1"
      },
      "bin": {
        "enhance-styles": "cli.mjs"
      }
    },
    "node_modules/color-to-hsla": {
      "version": "0.1.1",
      "resolved": "https://registry.npmjs.org/color-to-hsla/-/color-to-hsla-0.1.1.tgz",
      "integrity": "sha512-lXqaKMk8lY5R9PK0R/fqSZygEKLIJvBrLc20Y/7CpPdoKe5pNvJQYs2olo5BbuJK9gOVr6za4mndjZHHVLZvEg==",
      "peer": true
    }
  }
}
