{
  "name": "@enhance/form-elements",
  "version": "1.1.0",
  "lockfileVersion": 3,
  "requires": true,
  "packages": {
    "": {
      "name": "@enhance/form-elements",
      "version": "1.1.0",
      "license": "ISC",
      "peerDependencies": {
        "@enhance/styles": "^6.0.0"
      }
    },
    "node_modules/@enhance/styles": {
      "version": "6.0.0",
      "resolved": "https://registry.npmjs.org/@enhance/styles/-/styles-6.0.0.tgz",
      "integrity": "sha512-CHfS8UR6EAMtAdP8IYdCA4B3TduOO8x3dzZTrg8m8zBrJt75wB0yn2JVf6KkoiI8GX2uQOnzymFI4PtErrqbIA==",
      "peer": true,
      "dependencies": {
        "color-to-hsla": "^0.1.1"
      },
      "bin": {
        "enhance-styles": "cli.mjs"
      }
    },
    "node_modules/color-to-hsla": {
      "version": "0.1.1",
      "resolved": "https://registry.npmjs.org/color-to-hsla/-/color-to-hsla-0.1.1.tgz",
      "integrity": "sha512-lXqaKMk8lY5R9PK0R/fqSZygEKLIJvBrLc20Y/7CpPdoKe5pNvJQYs2olo5BbuJK9gOVr6za4mndjZHHVLZvEg==",
      "peer": true
    }
  }
}
